# IF THERE'S A GIT CONFLICT IN THIS FILE, DON'T SOLVE IT MANUALLY!
# INSTEAD EXECUTE `prisma2 migrate fix`
# Prisma Migrate lockfile v1
# Read more about conflict resolution here: TODO

20200301220318-third
20200301220526-number
20200311173717-rooms
20200311180828-record
20200311181701-autoincrement
20200311182949-records
20200312223009-setting
20200313162746-active
20200313163047-recordtype-and-room
20200313163205-recordtype-and-room-2
20200313163304-recordtype-and-room-2
20200313163404-recordtype-and-room
20200313163427-record-type-and-room
20200313163556-recordtype-and-room-2
20200313163723-dark-mode
20200313163805-room
20200313163908-room-2
20200313191831-test
20200313192155-test
20200313192913-test
20200313193000-test2
20200313194057-test
20200313194127-test
20200313194136-test2
20200313194728-cleaning
20200313195129-test
20200313195147-test
20200313195234-minor
20200313195444-relation
20200313195823-complete-for-now
20200313200237-not-yet
20200314005148-active
20200314005415-active-true
20200315011028-toggles
20200320133852-double
20200320134759-double
20200320140759
20200320140845-no-email