# IF THERE'S A GIT CONFLICT IN THIS FILE, DON'T SOLVE IT MANUALLY!
# INSTEAD EXECUTE `prisma2 migrate fix`
# Prisma Migrate lockfile v1
# Read more about conflict resolution here: TODO

20200301220318-third
20200301220526-number
20200311173717-rooms
20200311180828-record
20200311181701-autoincrement
20200311182949-records